
Microsoft Visual Studio Solution File, Format Version 12.00
# Visual Studio 15
VisualStudioVersion = 15.0.27004.2009
MinimumVisualStudioVersion = 10.0.40219.1
Project("{8BC9CEB8-8B4A-11D0-8D11-00A0C91BC942}") = "FANN_Gen", "FANN_Gen\FANN_Gen.vcxproj", "{80F5FA43-6F41-45EA-BE97-79699E1EB4C2}"
EndProject
Global
	GlobalSection(SolutionConfigurationPlatforms) = preSolution
		Debug|x64 = Debug|x64
		Debug|x86 = Debug|x86
		Release|x64 = Release|x64
		Release|x86 = Release|x86
	EndGlobalSection
	GlobalSection(ProjectConfigurationPlatforms) = postSolution
		{80F5FA43-6F41-45EA-BE97-79699E1EB4C2}.Debug|x64.ActiveCfg = Debug|x64
		{80F5FA43-6F41-45EA-BE97-79699E1EB4C2}.Debug|x64.Build.0 = Debug|x64
		{80F5FA43-6F41-45EA-BE97-79699E1EB4C2}.Debug|x86.ActiveCfg = Debug|Win32
		{80F5FA43-6F41-45EA-BE97-79699E1EB4C2}.Debug|x86.Build.0 = Debug|Win32
		{80F5FA43-6F41-45EA-BE97-79699E1EB4C2}.Release|x64.ActiveCfg = Release|x64
		{80F5FA43-6F41-45EA-BE97-79699E1EB4C2}.Release|x64.Build.0 = Release|x64
		{80F5FA43-6F41-45EA-BE97-79699E1EB4C2}.Release|x86.ActiveCfg = Release|Win32
		{80F5FA43-6F41-45EA-BE97-79699E1EB4C2}.Release|x86.Build.0 = Release|Win32
	EndGlobalSection
	GlobalSection(SolutionProperties) = preSolution
		HideSolutionNode = FALSE
	EndGlobalSection
	GlobalSection(ExtensibilityGlobals) = postSolution
		SolutionGuid = {BB3C36A7-ACEE-4059-9860-CE3B682A7568}
	EndGlobalSection
EndGlobal
